
Microsoft Visual Studio Solution File, Format Version 12.00
# Visual Studio Version 17
VisualStudioVersion = 17.0.31903.59
MinimumVisualStudioVersion = 10.0.40219.1
Project("{FAE04EC0-301F-11D3-BF4B-00C04F79EFBC}") = "SupportService.Api", "SupportService.Api\SupportService.Api.csproj", "{D6C58BC4-7726-4E1F-BB97-7476C04796EB}"
EndProject
Global
	GlobalSection(SolutionConfigurationPlatforms) = preSolution
		Debug|Any CPU = Debug|Any CPU
		Release|Any CPU = Release|Any CPU
	EndGlobalSection
	GlobalSection(SolutionProperties) = preSolution
		HideSolutionNode = FALSE
	EndGlobalSection
	GlobalSection(ProjectConfigurationPlatforms) = postSolution
		{D6C58BC4-7726-4E1F-BB97-7476C04796EB}.Debug|Any CPU.ActiveCfg = Debug|Any CPU
		{D6C58BC4-7726-4E1F-BB97-7476C04796EB}.Debug|Any CPU.Build.0 = Debug|Any CPU
		{D6C58BC4-7726-4E1F-BB97-7476C04796EB}.Release|Any CPU.ActiveCfg = Release|Any CPU
		{D6C58BC4-7726-4E1F-BB97-7476C04796EB}.Release|Any CPU.Build.0 = Release|Any CPU
	EndGlobalSection
EndGlobal
